
Microsoft Visual Studio Solution File, Format Version 12.00
# Visual Studio 15
VisualStudioVersion = 15.0.26403.3
MinimumVisualStudioVersion = 10.0.40219.1
Project("{00D1A9C2-B5F0-4AF3-8072-F6C62B433612}") = "SBS.DB", "SBS.DB\SBS.DB.sqlproj", "{7F7EDEB6-4659-487C-B2EF-85B5D10C04E6}"
EndProject
Project("{9A19103F-16F7-4668-BE54-9A1E7A4F7556}") = "Test", "Test\Test.csproj", "{ACA345B5-E3CC-420B-BCAB-0CC75393606A}"
EndProject
Project("{FAE04EC0-301F-11D3-BF4B-00C04F79EFBC}") = "SBS.BLL", "SBS.BLL\SBS.BLL.csproj", "{C617B21D-7BF7-4AED-9AFD-1DB76CAA01E6}"
EndProject
Project("{FAE04EC0-301F-11D3-BF4B-00C04F79EFBC}") = "SBS.BLL.Interfaces", "SBS.BLL.Interfaces\SBS.BLL.Interfaces.csproj", "{22ECA85D-D5E1-4D50-915B-7F135017C7A0}"
EndProject
Project("{FAE04EC0-301F-11D3-BF4B-00C04F79EFBC}") = "SBS.DAL.Interfaces", "SBS.DAL.Interfaces\SBS.DAL.Interfaces.csproj", "{328332BB-5A48-40BB-A62F-2DEC76DC49AA}"
EndProject
Project("{FAE04EC0-301F-11D3-BF4B-00C04F79EFBC}") = "SBS.DAL", "SBS.DAL\SBS.DAL.csproj", "{4072DC8B-7FB3-40D7-AFD9-5012A459DB32}"
EndProject
Project("{FAE04EC0-301F-11D3-BF4B-00C04F79EFBC}") = "SBS.Data", "SBS.Data\SBS.Data.csproj", "{9512C9CD-D703-4AC7-BEAE-6E2DC6F325E3}"
EndProject
Global
	GlobalSection(SolutionConfigurationPlatforms) = preSolution
		Debug|Any CPU = Debug|Any CPU
		Release|Any CPU = Release|Any CPU
	EndGlobalSection
	GlobalSection(ProjectConfigurationPlatforms) = postSolution
		{7F7EDEB6-4659-487C-B2EF-85B5D10C04E6}.Debug|Any CPU.ActiveCfg = Debug|Any CPU
		{7F7EDEB6-4659-487C-B2EF-85B5D10C04E6}.Debug|Any CPU.Build.0 = Debug|Any CPU
		{7F7EDEB6-4659-487C-B2EF-85B5D10C04E6}.Debug|Any CPU.Deploy.0 = Debug|Any CPU
		{7F7EDEB6-4659-487C-B2EF-85B5D10C04E6}.Release|Any CPU.ActiveCfg = Release|Any CPU
		{7F7EDEB6-4659-487C-B2EF-85B5D10C04E6}.Release|Any CPU.Build.0 = Release|Any CPU
		{7F7EDEB6-4659-487C-B2EF-85B5D10C04E6}.Release|Any CPU.Deploy.0 = Release|Any CPU
		{ACA345B5-E3CC-420B-BCAB-0CC75393606A}.Debug|Any CPU.ActiveCfg = Debug|Any CPU
		{ACA345B5-E3CC-420B-BCAB-0CC75393606A}.Debug|Any CPU.Build.0 = Debug|Any CPU
		{ACA345B5-E3CC-420B-BCAB-0CC75393606A}.Release|Any CPU.ActiveCfg = Release|Any CPU
		{ACA345B5-E3CC-420B-BCAB-0CC75393606A}.Release|Any CPU.Build.0 = Release|Any CPU
		{C617B21D-7BF7-4AED-9AFD-1DB76CAA01E6}.Debug|Any CPU.ActiveCfg = Debug|Any CPU
		{C617B21D-7BF7-4AED-9AFD-1DB76CAA01E6}.Debug|Any CPU.Build.0 = Debug|Any CPU
		{C617B21D-7BF7-4AED-9AFD-1DB76CAA01E6}.Release|Any CPU.ActiveCfg = Release|Any CPU
		{C617B21D-7BF7-4AED-9AFD-1DB76CAA01E6}.Release|Any CPU.Build.0 = Release|Any CPU
		{22ECA85D-D5E1-4D50-915B-7F135017C7A0}.Debug|Any CPU.ActiveCfg = Debug|Any CPU
		{22ECA85D-D5E1-4D50-915B-7F135017C7A0}.Debug|Any CPU.Build.0 = Debug|Any CPU
		{22ECA85D-D5E1-4D50-915B-7F135017C7A0}.Release|Any CPU.ActiveCfg = Release|Any CPU
		{22ECA85D-D5E1-4D50-915B-7F135017C7A0}.Release|Any CPU.Build.0 = Release|Any CPU
		{328332BB-5A48-40BB-A62F-2DEC76DC49AA}.Debug|Any CPU.ActiveCfg = Debug|Any CPU
		{328332BB-5A48-40BB-A62F-2DEC76DC49AA}.Debug|Any CPU.Build.0 = Debug|Any CPU
		{328332BB-5A48-40BB-A62F-2DEC76DC49AA}.Release|Any CPU.ActiveCfg = Release|Any CPU
		{328332BB-5A48-40BB-A62F-2DEC76DC49AA}.Release|Any CPU.Build.0 = Release|Any CPU
		{4072DC8B-7FB3-40D7-AFD9-5012A459DB32}.Debug|Any CPU.ActiveCfg = Debug|Any CPU
		{4072DC8B-7FB3-40D7-AFD9-5012A459DB32}.Debug|Any CPU.Build.0 = Debug|Any CPU
		{4072DC8B-7FB3-40D7-AFD9-5012A459DB32}.Release|Any CPU.ActiveCfg = Release|Any CPU
		{4072DC8B-7FB3-40D7-AFD9-5012A459DB32}.Release|Any CPU.Build.0 = Release|Any CPU
		{9512C9CD-D703-4AC7-BEAE-6E2DC6F325E3}.Debug|Any CPU.ActiveCfg = Debug|Any CPU
		{9512C9CD-D703-4AC7-BEAE-6E2DC6F325E3}.Debug|Any CPU.Build.0 = Debug|Any CPU
		{9512C9CD-D703-4AC7-BEAE-6E2DC6F325E3}.Release|Any CPU.ActiveCfg = Release|Any CPU
		{9512C9CD-D703-4AC7-BEAE-6E2DC6F325E3}.Release|Any CPU.Build.0 = Release|Any CPU
	EndGlobalSection
	GlobalSection(SolutionProperties) = preSolution
		HideSolutionNode = FALSE
	EndGlobalSection
EndGlobal
